// !$*UTF8*$!
{
	archiveVersion = 1;
	classes = {
	};
	objectVersion = 50;
	objects = {

/* Begin PBXBuildFile section */
		F718245A244546ED0092F060 /* LoadImageView.swift in Sources */ = {isa = PBXBuildFile; fileRef = F7182459244546ED0092F060 /* LoadImageView.swift */; };
		F718245C244588D30092F060 /* BannerTool.swift in Sources */ = {isa = PBXBuildFile; fileRef = F718245B244588D30092F060 /* BannerTool.swift */; };
		F7492CBD2443FBBA00276989 /* AppDelegate.swift in Sources */ = {isa = PBXBuildFile; fileRef = F7492CBC2443FBBA00276989 /* AppDelegate.swift */; };
		F7492CC12443FBBA00276989 /* ViewController.swift in Sources */ = {isa = PBXBuildFile; fileRef = F7492CC02443FBBA00276989 /* ViewController.swift */; };
		F7492CC42443FBBA00276989 /* Main.storyboard in Resources */ = {isa = PBXBuildFile; fileRef = F7492CC22443FBBA00276989 /* Main.storyboard */; };
		F7492CC62443FBBE00276989 /* Assets.xcassets in Resources */ = {isa = PBXBuildFile; fileRef = F7492CC52443FBBE00276989 /* Assets.xcassets */; };
		F7492CC92443FBBE00276989 /* LaunchScreen.storyboard in Resources */ = {isa = PBXBuildFile; fileRef = F7492CC72443FBBE00276989 /* LaunchScreen.storyboard */; };
		F7492CD22443FE2C00276989 /* PageControl.swift in Sources */ = {isa = PBXBuildFile; fileRef = F7492CD12443FE2C00276989 /* PageControl.swift */; };
		F7492CD424445CA300276989 /* CyclesView.swift in Sources */ = {isa = PBXBuildFile; fileRef = F7492CD324445CA300276989 /* CyclesView.swift */; };
		F74FA42E2452D02400423015 /* BannerView.bundle in Resources */ = {isa = PBXBuildFile; fileRef = F74FA42D2452D02400423015 /* BannerView.bundle */; };
		F74FA4312452ED4100423015 /* BannerBaseDataInfo.swift in Sources */ = {isa = PBXBuildFile; fileRef = F74FA4302452ED4100423015 /* BannerBaseDataInfo.swift */; };
		F74FA4332452F3EF00423015 /* BannerViewFlowLayout.swift in Sources */ = {isa = PBXBuildFile; fileRef = F74FA4322452F3EF00423015 /* BannerViewFlowLayout.swift */; };
		F74FA4352452F9F300423015 /* BannerViewCell.swift in Sources */ = {isa = PBXBuildFile; fileRef = F74FA4342452F9F300423015 /* BannerViewCell.swift */; };
		F74FA4372453015300423015 /* BannerView.swift in Sources */ = {isa = PBXBuildFile; fileRef = F74FA4362453015300423015 /* BannerView.swift */; };
/* End PBXBuildFile section */

/* Begin PBXFileReference section */
		F7182459244546ED0092F060 /* LoadImageView.swift */ = {isa = PBXFileReference; lastKnownFileType = sourcecode.swift; path = LoadImageView.swift; sourceTree = "<group>"; };
		F718245B244588D30092F060 /* BannerTool.swift */ = {isa = PBXFileReference; lastKnownFileType = sourcecode.swift; path = BannerTool.swift; sourceTree = "<group>"; };
		F7492CB92443FBBA00276989 /* BannerDemo.app */ = {isa = PBXFileReference; explicitFileType = wrapper.application; includeInIndex = 0; path = BannerDemo.app; sourceTree = BUILT_PRODUCTS_DIR; };
		F7492CBC2443FBBA00276989 /* AppDelegate.swift */ = {isa = PBXFileReference; lastKnownFileType = sourcecode.swift; path = AppDelegate.swift; sourceTree = "<group>"; };
		F7492CC02443FBBA00276989 /* ViewController.swift */ = {isa = PBXFileReference; lastKnownFileType = sourcecode.swift; path = ViewController.swift; sourceTree = "<group>"; };
		F7492CC32443FBBA00276989 /* Base */ = {isa = PBXFileReference; lastKnownFileType = file.storyboard; name = Base; path = Base.lproj/Main.storyboard; sourceTree = "<group>"; };
		F7492CC52443FBBE00276989 /* Assets.xcassets */ = {isa = PBXFileReference; lastKnownFileType = folder.assetcatalog; path = Assets.xcassets; sourceTree = "<group>"; };
		F7492CC82443FBBE00276989 /* Base */ = {isa = PBXFileReference; lastKnownFileType = file.storyboard; name = Base; path = Base.lproj/LaunchScreen.storyboard; sourceTree = "<group>"; };
		F7492CCA2443FBBE00276989 /* Info.plist */ = {isa = PBXFileReference; lastKnownFileType = text.plist.xml; path = Info.plist; sourceTree = "<group>"; };
		F7492CD12443FE2C00276989 /* PageControl.swift */ = {isa = PBXFileReference; fileEncoding = 4; lastKnownFileType = sourcecode.swift; path = PageControl.swift; sourceTree = "<group>"; };
		F7492CD324445CA300276989 /* CyclesView.swift */ = {isa = PBXFileReference; lastKnownFileType = sourcecode.swift; path = CyclesView.swift; sourceTree = "<group>"; };
		F74FA42D2452D02400423015 /* BannerView.bundle */ = {isa = PBXFileReference; lastKnownFileType = "wrapper.plug-in"; path = BannerView.bundle; sourceTree = "<group>"; };
		F74FA4302452ED4100423015 /* BannerBaseDataInfo.swift */ = {isa = PBXFileReference; lastKnownFileType = sourcecode.swift; path = BannerBaseDataInfo.swift; sourceTree = "<group>"; };
		F74FA4322452F3EF00423015 /* BannerViewFlowLayout.swift */ = {isa = PBXFileReference; lastKnownFileType = sourcecode.swift; path = BannerViewFlowLayout.swift; sourceTree = "<group>"; };
		F74FA4342452F9F300423015 /* BannerViewCell.swift */ = {isa = PBXFileReference; lastKnownFileType = sourcecode.swift; path = BannerViewCell.swift; sourceTree = "<group>"; };
		F74FA4362453015300423015 /* BannerView.swift */ = {isa = PBXFileReference; lastKnownFileType = sourcecode.swift; path = BannerView.swift; sourceTree = "<group>"; };
/* End PBXFileReference section */

/* Begin PBXFrameworksBuildPhase section */
		F7492CB62443FBBA00276989 /* Frameworks */ = {
			isa = PBXFrameworksBuildPhase;
			buildActionMask = 2147483647;
			files = (
			);
			runOnlyForDeploymentPostprocessing = 0;
		};
/* End PBXFrameworksBuildPhase section */

/* Begin PBXGroup section */
		F7182457244464210092F060 /* pageControl */ = {
			isa = PBXGroup;
			children = (
				F7492CD12443FE2C00276989 /* PageControl.swift */,
				F7492CD324445CA300276989 /* CyclesView.swift */,
			);
			path = pageControl;
			sourceTree = "<group>";
		};
		F7492CB02443FBBA00276989 = {
			isa = PBXGroup;
			children = (
				F7492CBB2443FBBA00276989 /* BannerDemo */,
				F7492CBA2443FBBA00276989 /* Products */,
			);
			sourceTree = "<group>";
		};
		F7492CBA2443FBBA00276989 /* Products */ = {
			isa = PBXGroup;
			children = (
				F7492CB92443FBBA00276989 /* BannerDemo.app */,
			);
			name = Products;
			sourceTree = "<group>";
		};
		F7492CBB2443FBBA00276989 /* BannerDemo */ = {
			isa = PBXGroup;
			children = (
				F7492CD02443FE2000276989 /* BannerView */,
				F7492CBC2443FBBA00276989 /* AppDelegate.swift */,
				F7492CC02443FBBA00276989 /* ViewController.swift */,
				F7492CC22443FBBA00276989 /* Main.storyboard */,
				F7492CC52443FBBE00276989 /* Assets.xcassets */,
				F7492CC72443FBBE00276989 /* LaunchScreen.storyboard */,
				F7492CCA2443FBBE00276989 /* Info.plist */,
			);
			path = BannerDemo;
			sourceTree = "<group>";
		};
		F7492CD02443FE2000276989 /* BannerView */ = {
			isa = PBXGroup;
			children = (
				F74FA42D2452D02400423015 /* BannerView.bundle */,
				F74FA42F2452ED2600423015 /* Model */,
				F7182457244464210092F060 /* pageControl */,
				F7182459244546ED0092F060 /* LoadImageView.swift */,
				F718245B244588D30092F060 /* BannerTool.swift */,
				F74FA4362453015300423015 /* BannerView.swift */,
				F74FA4322452F3EF00423015 /* BannerViewFlowLayout.swift */,
				F74FA4342452F9F300423015 /* BannerViewCell.swift */,
			);
			path = BannerView;
			sourceTree = "<group>";
		};
		F74FA42F2452ED2600423015 /* Model */ = {
			isa = PBXGroup;
			children = (
				F74FA4302452ED4100423015 /* BannerBaseDataInfo.swift */,
			);
			path = Model;
			sourceTree = "<group>";
		};
/* End PBXGroup section */

/* Begin PBXNativeTarget section */
		F7492CB82443FBBA00276989 /* BannerDemo */ = {
			isa = PBXNativeTarget;
			buildConfigurationList = F7492CCD2443FBBE00276989 /* Build configuration list for PBXNativeTarget "BannerDemo" */;
			buildPhases = (
				F7492CB52443FBBA00276989 /* Sources */,
				F7492CB62443FBBA00276989 /* Frameworks */,
				F7492CB72443FBBA00276989 /* Resources */,
			);
			buildRules = (
			);
			dependencies = (
			);
			name = BannerDemo;
			productName = BannerDemo;
			productReference = F7492CB92443FBBA00276989 /* BannerDemo.app */;
			productType = "com.apple.product-type.application";
		};
/* End PBXNativeTarget section */

/* Begin PBXProject section */
		F7492CB12443FBBA00276989 /* Project object */ = {
			isa = PBXProject;
			attributes = {
				LastSwiftUpdateCheck = 1130;
				LastUpgradeCheck = 1130;
				ORGANIZATIONNAME = "༺ོ࿆强ོ࿆ ༻";
				TargetAttributes = {
					F7492CB82443FBBA00276989 = {
						CreatedOnToolsVersion = 11.3;
					};
				};
			};
			buildConfigurationList = F7492CB42443FBBA00276989 /* Build configuration list for PBXProject "BannerDemo" */;
			compatibilityVersion = "Xcode 9.3";
			developmentRegion = en;
			hasScannedForEncodings = 0;
			knownRegions = (
				en,
				Base,
			);
			mainGroup = F7492CB02443FBBA00276989;
			productRefGroup = F7492CBA2443FBBA00276989 /* Products */;
			projectDirPath = "";
			projectRoot = "";
			targets = (
				F7492CB82443FBBA00276989 /* BannerDemo */,
			);
		};
/* End PBXProject section */

/* Begin PBXResourcesBuildPhase section */
		F7492CB72443FBBA00276989 /* Resources */ = {
			isa = PBXResourcesBuildPhase;
			buildActionMask = 2147483647;
			files = (
				F7492CC92443FBBE00276989 /* LaunchScreen.storyboard in Resources */,
				F7492CC62443FBBE00276989 /* Assets.xcassets in Resources */,
				F74FA42E2452D02400423015 /* BannerView.bundle in Resources */,
				F7492CC42443FBBA00276989 /* Main.storyboard in Resources */,
			);
			runOnlyForDeploymentPostprocessing = 0;
		};
/* End PBXResourcesBuildPhase section */

/* Begin PBXSourcesBuildPhase section */
		F7492CB52443FBBA00276989 /* Sources */ = {
			isa = PBXSourcesBuildPhase;
			buildActionMask = 2147483647;
			files = (
				F74FA4372453015300423015 /* BannerView.swift in Sources */,
				F7492CC12443FBBA00276989 /* ViewController.swift in Sources */,
				F718245C244588D30092F060 /* BannerTool.swift in Sources */,
				F7492CD424445CA300276989 /* CyclesView.swift in Sources */,
				F74FA4312452ED4100423015 /* BannerBaseDataInfo.swift in Sources */,
				F74FA4332452F3EF00423015 /* BannerViewFlowLayout.swift in Sources */,
				F7492CBD2443FBBA00276989 /* AppDelegate.swift in Sources */,
				F718245A244546ED0092F060 /* LoadImageView.swift in Sources */,
				F7492CD22443FE2C00276989 /* PageControl.swift in Sources */,
				F74FA4352452F9F300423015 /* BannerViewCell.swift in Sources */,
			);
			runOnlyForDeploymentPostprocessing = 0;
		};
/* End PBXSourcesBuildPhase section */

/* Begin PBXVariantGroup section */
		F7492CC22443FBBA00276989 /* Main.storyboard */ = {
			isa = PBXVariantGroup;
			children = (
				F7492CC32443FBBA00276989 /* Base */,
			);
			name = Main.storyboard;
			sourceTree = "<group>";
		};
		F7492CC72443FBBE00276989 /* LaunchScreen.storyboard */ = {
			isa = PBXVariantGroup;
			children = (
				F7492CC82443FBBE00276989 /* Base */,
			);
			name = LaunchScreen.storyboard;
			sourceTree = "<group>";
		};
/* End PBXVariantGroup section */

/* Begin XCBuildConfiguration section */
		F7492CCB2443FBBE00276989 /* Debug */ = {
			isa = XCBuildConfiguration;
			buildSettings = {
				ALWAYS_SEARCH_USER_PATHS = NO;
				CLANG_ANALYZER_NONNULL = YES;
				CLANG_ANALYZER_NUMBER_OBJECT_CONVERSION = YES_AGGRESSIVE;
				CLANG_CXX_LANGUAGE_STANDARD = "gnu++14";
				CLANG_CXX_LIBRARY = "libc++";
				CLANG_ENABLE_MODULES = YES;
				CLANG_ENABLE_OBJC_ARC = YES;
				CLANG_ENABLE_OBJC_WEAK = YES;
				CLANG_WARN_BLOCK_CAPTURE_AUTORELEASING = YES;
				CLANG_WARN_BOOL_CONVERSION = YES;
				CLANG_WARN_COMMA = YES;
				CLANG_WARN_CONSTANT_CONVERSION = YES;
				CLANG_WARN_DEPRECATED_OBJC_IMPLEMENTATIONS = YES;
				CLANG_WARN_DIRECT_OBJC_ISA_USAGE = YES_ERROR;
				CLANG_WARN_DOCUMENTATION_COMMENTS = YES;
				CLANG_WARN_EMPTY_BODY = YES;
				CLANG_WARN_ENUM_CONVERSION = YES;
				CLANG_WARN_INFINITE_RECURSION = YES;
				CLANG_WARN_INT_CONVERSION = YES;
				CLANG_WARN_NON_LITERAL_NULL_CONVERSION = YES;
				CLANG_WARN_OBJC_IMPLICIT_RETAIN_SELF = YES;
				CLANG_WARN_OBJC_LITERAL_CONVERSION = YES;
				CLANG_WARN_OBJC_ROOT_CLASS = YES_ERROR;
				CLANG_WARN_RANGE_LOOP_ANALYSIS = YES;
				CLANG_WARN_STRICT_PROTOTYPES = YES;
				CLANG_WARN_SUSPICIOUS_MOVE = YES;
				CLANG_WARN_UNGUARDED_AVAILABILITY = YES_AGGRESSIVE;
				CLANG_WARN_UNREACHABLE_CODE = YES;
				CLANG_WARN__DUPLICATE_METHOD_MATCH = YES;
				COPY_PHASE_STRIP = NO;
				DEBUG_INFORMATION_FORMAT = dwarf;
				ENABLE_STRICT_OBJC_MSGSEND = YES;
				ENABLE_TESTABILITY = YES;
				GCC_C_LANGUAGE_STANDARD = gnu11;
				GCC_DYNAMIC_NO_PIC = NO;
				GCC_NO_COMMON_BLOCKS = YES;
				GCC_OPTIMIZATION_LEVEL = 0;
				GCC_PREPROCESSOR_DEFINITIONS = (
					"DEBUG=1",
					"$(inherited)",
				);
				GCC_WARN_64_TO_32_BIT_CONVERSION = YES;
				GCC_WARN_ABOUT_RETURN_TYPE = YES_ERROR;
				GCC_WARN_UNDECLARED_SELECTOR = YES;
				GCC_WARN_UNINITIALIZED_AUTOS = YES_AGGRESSIVE;
				GCC_WARN_UNUSED_FUNCTION = YES;
				GCC_WARN_UNUSED_VARIABLE = YES;
				IPHONEOS_DEPLOYMENT_TARGET = 13.2;
				MTL_ENABLE_DEBUG_INFO = INCLUDE_SOURCE;
				MTL_FAST_MATH = YES;
				ONLY_ACTIVE_ARCH = YES;
				SDKROOT = iphoneos;
				SWIFT_ACTIVE_COMPILATION_CONDITIONS = DEBUG;
				SWIFT_OPTIMIZATION_LEVEL = "-Onone";
			};
			name = Debug;
		};
		F7492CCC2443FBBE00276989 /* Release */ = {
			isa = XCBuildConfiguration;
			buildSettings = {
				ALWAYS_SEARCH_USER_PATHS = NO;
				CLANG_ANALYZER_NONNULL = YES;
				CLANG_ANALYZER_NUMBER_OBJECT_CONVERSION = YES_AGGRESSIVE;
				CLANG_CXX_LANGUAGE_STANDARD = "gnu++14";
				CLANG_CXX_LIBRARY = "libc++";
				CLANG_ENABLE_MODULES = YES;
				CLANG_ENABLE_OBJC_ARC = YES;
				CLANG_ENABLE_OBJC_WEAK = YES;
				CLANG_WARN_BLOCK_CAPTURE_AUTORELEASING = YES;
				CLANG_WARN_BOOL_CONVERSION = YES;
				CLANG_WARN_COMMA = YES;
				CLANG_WARN_CONSTANT_CONVERSION = YES;
				CLANG_WARN_DEPRECATED_OBJC_IMPLEMENTATIONS = YES;
				CLANG_WARN_DIRECT_OBJC_ISA_USAGE = YES_ERROR;
				CLANG_WARN_DOCUMENTATION_COMMENTS = YES;
				CLANG_WARN_EMPTY_BODY = YES;
				CLANG_WARN_ENUM_CONVERSION = YES;
				CLANG_WARN_INFINITE_RECURSION = YES;
				CLANG_WARN_INT_CONVERSION = YES;
				CLANG_WARN_NON_LITERAL_NULL_CONVERSION = YES;
				CLANG_WARN_OBJC_IMPLICIT_RETAIN_SELF = YES;
				CLANG_WARN_OBJC_LITERAL_CONVERSION = YES;
				CLANG_WARN_OBJC_ROOT_CLASS = YES_ERROR;
				CLANG_WARN_RANGE_LOOP_ANALYSIS = YES;
				CLANG_WARN_STRICT_PROTOTYPES = YES;
				CLANG_WARN_SUSPICIOUS_MOVE = YES;
				CLANG_WARN_UNGUARDED_AVAILABILITY = YES_AGGRESSIVE;
				CLANG_WARN_UNREACHABLE_CODE = YES;
				CLANG_WARN__DUPLICATE_METHOD_MATCH = YES;
				COPY_PHASE_STRIP = NO;
				DEBUG_INFORMATION_FORMAT = "dwarf-with-dsym";
				ENABLE_NS_ASSERTIONS = NO;
				ENABLE_STRICT_OBJC_MSGSEND = YES;
				GCC_C_LANGUAGE_STANDARD = gnu11;
				GCC_NO_COMMON_BLOCKS = YES;
				GCC_WARN_64_TO_32_BIT_CONVERSION = YES;
				GCC_WARN_ABOUT_RETURN_TYPE = YES_ERROR;
				GCC_WARN_UNDECLARED_SELECTOR = YES;
				GCC_WARN_UNINITIALIZED_AUTOS = YES_AGGRESSIVE;
				GCC_WARN_UNUSED_FUNCTION = YES;
				GCC_WARN_UNUSED_VARIABLE = YES;
				IPHONEOS_DEPLOYMENT_TARGET = 13.2;
				MTL_ENABLE_DEBUG_INFO = NO;
				MTL_FAST_MATH = YES;
				SDKROOT = iphoneos;
				SWIFT_COMPILATION_MODE = wholemodule;
				SWIFT_OPTIMIZATION_LEVEL = "-O";
				VALIDATE_PRODUCT = YES;
			};
			name = Release;
		};
		F7492CCE2443FBBE00276989 /* Debug */ = {
			isa = XCBuildConfiguration;
			buildSettings = {
				ASSETCATALOG_COMPILER_APPICON_NAME = AppIcon;
				CODE_SIGN_STYLE = Automatic;
				DEVELOPMENT_TEAM = 48J8UJB93W;
				INFOPLIST_FILE = BannerDemo/Info.plist;
				IPHONEOS_DEPLOYMENT_TARGET = 8.0;
				LD_RUNPATH_SEARCH_PATHS = (
					"$(inherited)",
					"@executable_path/Frameworks",
				);
				PRODUCT_BUNDLE_IDENTIFIER = ZYQ.BannerDemo;
				PRODUCT_NAME = "$(TARGET_NAME)";
				SWIFT_VERSION = 5.0;
				TARGETED_DEVICE_FAMILY = 1;
			};
			name = Debug;
		};
		F7492CCF2443FBBE00276989 /* Release */ = {
			isa = XCBuildConfiguration;
			buildSettings = {
				ASSETCATALOG_COMPILER_APPICON_NAME = AppIcon;
				CODE_SIGN_STYLE = Automatic;
				DEVELOPMENT_TEAM = 48J8UJB93W;
				INFOPLIST_FILE = BannerDemo/Info.plist;
				IPHONEOS_DEPLOYMENT_TARGET = 8.0;
				LD_RUNPATH_SEARCH_PATHS = (
					"$(inherited)",
					"@executable_path/Frameworks",
				);
				PRODUCT_BUNDLE_IDENTIFIER = ZYQ.BannerDemo;
				PRODUCT_NAME = "$(TARGET_NAME)";
				SWIFT_VERSION = 5.0;
				TARGETED_DEVICE_FAMILY = 1;
			};
			name = Release;
		};
/* End XCBuildConfiguration section */

/* Begin XCConfigurationList section */
		F7492CB42443FBBA00276989 /* Build configuration list for PBXProject "BannerDemo" */ = {
			isa = XCConfigurationList;
			buildConfigurations = (
				F7492CCB2443FBBE00276989 /* Debug */,
				F7492CCC2443FBBE00276989 /* Release */,
			);
			defaultConfigurationIsVisible = 0;
			defaultConfigurationName = Release;
		};
		F7492CCD2443FBBE00276989 /* Build configuration list for PBXNativeTarget "BannerDemo" */ = {
			isa = XCConfigurationList;
			buildConfigurations = (
				F7492CCE2443FBBE00276989 /* Debug */,
				F7492CCF2443FBBE00276989 /* Release */,
			);
			defaultConfigurationIsVisible = 0;
			defaultConfigurationName = Release;
		};
/* End XCConfigurationList section */
	};
	rootObject = F7492CB12443FBBA00276989 /* Project object */;
}
